
Microsoft Visual Studio Solution File, Format Version 12.00
# Visual Studio Version 17
VisualStudioVersion = 17.6.33829.357
MinimumVisualStudioVersion = 10.0.40219.1
Project("{FAE04EC0-301F-11D3-BF4B-00C04F79EFBC}") = "OnPointPOS", "OnPointPOS\OnPointPOS.csproj", "{CB0F47C0-9699-4F52-B2C7-B6E81ED8B795}"
EndProject
Project("{FAE04EC0-301F-11D3-BF4B-00C04F79EFBC}") = "OnPointPOS.Api", "OnPointPOS.Api\OnPointPOS.Api.csproj", "{F7B35499-C864-4CE8-98E9-C81DC99672A5}"
EndProject
Project("{FAE04EC0-301F-11D3-BF4B-00C04F79EFBC}") = "OnPointPOS.ApiModel", "OnPointPOS.ApiModel\OnPointPOS.ApiModel.csproj", "{B7E910AD-7B1C-4765-A4F0-59F3D77571AD}"
EndProject
Project("{FAE04EC0-301F-11D3-BF4B-00C04F79EFBC}") = "OnPointPOS.Data", "OnPointPOS.Data\OnPointPOS.Data.csproj", "{5333DAFB-9F80-4F20-BE71-3EF89398C0AB}"
EndProject
Project("{FAE04EC0-301F-11D3-BF4B-00C04F79EFBC}") = "OnPointPOS.Integration", "OnPointPOS.Integration\OnPointPOS.Integration.csproj", "{CCCD1857-D3E7-4A3B-9DD6-87AA0CCDA50C}"
EndProject
Project("{FAE04EC0-301F-11D3-BF4B-00C04F79EFBC}") = "OnPointPOS.Integration.Services", "OnPointPOS.IntegrationServices\OnPointPOS.Integration.Services.csproj", "{61907755-DDF1-4B39-AE22-90A79FBDE0F6}"
EndProject
Project("{FAE04EC0-301F-11D3-BF4B-00C04F79EFBC}") = "OnPointPOS.MasterData", "OnPointPOS.MasterData\OnPointPOS.MasterData.csproj", "{4F50FB2F-AF16-4FB7-AA01-5487DA652F1B}"
EndProject
Project("{FAE04EC0-301F-11D3-BF4B-00C04F79EFBC}") = "OnPointPOS.Model", "OnPointPOS.Model\OnPointPOS.Model.csproj", "{C6A7BC6F-8E72-42ED-8BEC-9E18C7EA7ABC}"
EndProject
Project("{FAE04EC0-301F-11D3-BF4B-00C04F79EFBC}") = "OnPointPOS.StandAloneApi", "OnPointPOS.StandAloneApi\OnPointPOS.StandAloneApi.csproj", "{E2550ED8-8FC2-4637-BA88-7F4AD1A16B9C}"
EndProject
Project("{FAE04EC0-301F-11D3-BF4B-00C04F79EFBC}") = "OnPointPOS.SyncData", "OnPointPOS.SyncData\OnPointPOS.SyncData.csproj", "{C2CDAB86-5B78-4684-A60B-F5DA10B490ED}"
EndProject
Project("{FAE04EC0-301F-11D3-BF4B-00C04F79EFBC}") = "OnPointPOS.SyncService", "OnPointPOS.SyncService\OnPointPOS.SyncService.csproj", "{36C08EE3-7082-466D-B463-7873BE13DEFC}"
EndProject
Project("{FAE04EC0-301F-11D3-BF4B-00C04F79EFBC}") = "OnPointPOS.Utils", "OnPointPOS.Utils\OnPointPOS.Utils.csproj", "{333E01BF-7FE2-49D2-B5BB-784C90329652}"
EndProject
Project("{FAE04EC0-301F-11D3-BF4B-00C04F79EFBC}") = "OnPointPOS.Web", "OnPointPOS.Web\OnPointPOS.Web.csproj", "{6225C2BF-9DB0-49B8-A185-CF7E1BFD5B47}"
EndProject
Global
	GlobalSection(SolutionConfigurationPlatforms) = preSolution
		Debug|Any CPU = Debug|Any CPU
		Debug|x64 = Debug|x64
		Debug|x86 = Debug|x86
		Release|Any CPU = Release|Any CPU
		Release|x64 = Release|x64
		Release|x86 = Release|x86
	EndGlobalSection
	GlobalSection(ProjectConfigurationPlatforms) = postSolution
		{CB0F47C0-9699-4F52-B2C7-B6E81ED8B795}.Debug|Any CPU.ActiveCfg = Debug|Any CPU
		{CB0F47C0-9699-4F52-B2C7-B6E81ED8B795}.Debug|Any CPU.Build.0 = Debug|Any CPU
		{CB0F47C0-9699-4F52-B2C7-B6E81ED8B795}.Debug|x64.ActiveCfg = Debug|Any CPU
		{CB0F47C0-9699-4F52-B2C7-B6E81ED8B795}.Debug|x64.Build.0 = Debug|Any CPU
		{CB0F47C0-9699-4F52-B2C7-B6E81ED8B795}.Debug|x86.ActiveCfg = Debug|x86
		{CB0F47C0-9699-4F52-B2C7-B6E81ED8B795}.Debug|x86.Build.0 = Debug|x86
		{CB0F47C0-9699-4F52-B2C7-B6E81ED8B795}.Release|Any CPU.ActiveCfg = Release|Any CPU
		{CB0F47C0-9699-4F52-B2C7-B6E81ED8B795}.Release|Any CPU.Build.0 = Release|Any CPU
		{CB0F47C0-9699-4F52-B2C7-B6E81ED8B795}.Release|x64.ActiveCfg = Release|Any CPU
		{CB0F47C0-9699-4F52-B2C7-B6E81ED8B795}.Release|x64.Build.0 = Release|Any CPU
		{CB0F47C0-9699-4F52-B2C7-B6E81ED8B795}.Release|x86.ActiveCfg = Release|x86
		{CB0F47C0-9699-4F52-B2C7-B6E81ED8B795}.Release|x86.Build.0 = Release|x86
		{F7B35499-C864-4CE8-98E9-C81DC99672A5}.Debug|Any CPU.ActiveCfg = Debug|Any CPU
		{F7B35499-C864-4CE8-98E9-C81DC99672A5}.Debug|Any CPU.Build.0 = Debug|Any CPU
		{F7B35499-C864-4CE8-98E9-C81DC99672A5}.Debug|x64.ActiveCfg = Debug|Any CPU
		{F7B35499-C864-4CE8-98E9-C81DC99672A5}.Debug|x64.Build.0 = Debug|Any CPU
		{F7B35499-C864-4CE8-98E9-C81DC99672A5}.Debug|x86.ActiveCfg = Debug|x86
		{F7B35499-C864-4CE8-98E9-C81DC99672A5}.Debug|x86.Build.0 = Debug|x86
		{F7B35499-C864-4CE8-98E9-C81DC99672A5}.Release|Any CPU.ActiveCfg = Release|Any CPU
		{F7B35499-C864-4CE8-98E9-C81DC99672A5}.Release|Any CPU.Build.0 = Release|Any CPU
		{F7B35499-C864-4CE8-98E9-C81DC99672A5}.Release|x64.ActiveCfg = Release|Any CPU
		{F7B35499-C864-4CE8-98E9-C81DC99672A5}.Release|x64.Build.0 = Release|Any CPU
		{F7B35499-C864-4CE8-98E9-C81DC99672A5}.Release|x86.ActiveCfg = Release|x86
		{F7B35499-C864-4CE8-98E9-C81DC99672A5}.Release|x86.Build.0 = Release|x86
		{B7E910AD-7B1C-4765-A4F0-59F3D77571AD}.Debug|Any CPU.ActiveCfg = Debug|Any CPU
		{B7E910AD-7B1C-4765-A4F0-59F3D77571AD}.Debug|Any CPU.Build.0 = Debug|Any CPU
		{B7E910AD-7B1C-4765-A4F0-59F3D77571AD}.Debug|x64.ActiveCfg = Debug|x64
		{B7E910AD-7B1C-4765-A4F0-59F3D77571AD}.Debug|x64.Build.0 = Debug|x64
		{B7E910AD-7B1C-4765-A4F0-59F3D77571AD}.Debug|x86.ActiveCfg = Debug|x86
		{B7E910AD-7B1C-4765-A4F0-59F3D77571AD}.Debug|x86.Build.0 = Debug|x86
		{B7E910AD-7B1C-4765-A4F0-59F3D77571AD}.Release|Any CPU.ActiveCfg = Release|Any CPU
		{B7E910AD-7B1C-4765-A4F0-59F3D77571AD}.Release|Any CPU.Build.0 = Release|Any CPU
		{B7E910AD-7B1C-4765-A4F0-59F3D77571AD}.Release|x64.ActiveCfg = Release|x64
		{B7E910AD-7B1C-4765-A4F0-59F3D77571AD}.Release|x64.Build.0 = Release|x64
		{B7E910AD-7B1C-4765-A4F0-59F3D77571AD}.Release|x86.ActiveCfg = Release|x86
		{B7E910AD-7B1C-4765-A4F0-59F3D77571AD}.Release|x86.Build.0 = Release|x86
		{5333DAFB-9F80-4F20-BE71-3EF89398C0AB}.Debug|Any CPU.ActiveCfg = Debug|Any CPU
		{5333DAFB-9F80-4F20-BE71-3EF89398C0AB}.Debug|Any CPU.Build.0 = Debug|Any CPU
		{5333DAFB-9F80-4F20-BE71-3EF89398C0AB}.Debug|x64.ActiveCfg = Debug|Any CPU
		{5333DAFB-9F80-4F20-BE71-3EF89398C0AB}.Debug|x64.Build.0 = Debug|Any CPU
		{5333DAFB-9F80-4F20-BE71-3EF89398C0AB}.Debug|x86.ActiveCfg = Debug|x86
		{5333DAFB-9F80-4F20-BE71-3EF89398C0AB}.Debug|x86.Build.0 = Debug|x86
		{5333DAFB-9F80-4F20-BE71-3EF89398C0AB}.Release|Any CPU.ActiveCfg = Release|Any CPU
		{5333DAFB-9F80-4F20-BE71-3EF89398C0AB}.Release|Any CPU.Build.0 = Release|Any CPU
		{5333DAFB-9F80-4F20-BE71-3EF89398C0AB}.Release|x64.ActiveCfg = Release|Any CPU
		{5333DAFB-9F80-4F20-BE71-3EF89398C0AB}.Release|x64.Build.0 = Release|Any CPU
		{5333DAFB-9F80-4F20-BE71-3EF89398C0AB}.Release|x86.ActiveCfg = Release|x86
		{5333DAFB-9F80-4F20-BE71-3EF89398C0AB}.Release|x86.Build.0 = Release|x86
		{CCCD1857-D3E7-4A3B-9DD6-87AA0CCDA50C}.Debug|Any CPU.ActiveCfg = Debug|Any CPU
		{CCCD1857-D3E7-4A3B-9DD6-87AA0CCDA50C}.Debug|Any CPU.Build.0 = Debug|Any CPU
		{CCCD1857-D3E7-4A3B-9DD6-87AA0CCDA50C}.Debug|x64.ActiveCfg = Debug|Any CPU
		{CCCD1857-D3E7-4A3B-9DD6-87AA0CCDA50C}.Debug|x64.Build.0 = Debug|Any CPU
		{CCCD1857-D3E7-4A3B-9DD6-87AA0CCDA50C}.Debug|x86.ActiveCfg = Debug|x86
		{CCCD1857-D3E7-4A3B-9DD6-87AA0CCDA50C}.Debug|x86.Build.0 = Debug|x86
		{CCCD1857-D3E7-4A3B-9DD6-87AA0CCDA50C}.Release|Any CPU.ActiveCfg = Release|Any CPU
		{CCCD1857-D3E7-4A3B-9DD6-87AA0CCDA50C}.Release|Any CPU.Build.0 = Release|Any CPU
		{CCCD1857-D3E7-4A3B-9DD6-87AA0CCDA50C}.Release|x64.ActiveCfg = Release|Any CPU
		{CCCD1857-D3E7-4A3B-9DD6-87AA0CCDA50C}.Release|x64.Build.0 = Release|Any CPU
		{CCCD1857-D3E7-4A3B-9DD6-87AA0CCDA50C}.Release|x86.ActiveCfg = Release|x86
		{CCCD1857-D3E7-4A3B-9DD6-87AA0CCDA50C}.Release|x86.Build.0 = Release|x86
		{61907755-DDF1-4B39-AE22-90A79FBDE0F6}.Debug|Any CPU.ActiveCfg = Debug|Any CPU
		{61907755-DDF1-4B39-AE22-90A79FBDE0F6}.Debug|Any CPU.Build.0 = Debug|Any CPU
		{61907755-DDF1-4B39-AE22-90A79FBDE0F6}.Debug|x64.ActiveCfg = Debug|Any CPU
		{61907755-DDF1-4B39-AE22-90A79FBDE0F6}.Debug|x64.Build.0 = Debug|Any CPU
		{61907755-DDF1-4B39-AE22-90A79FBDE0F6}.Debug|x86.ActiveCfg = Debug|x86
		{61907755-DDF1-4B39-AE22-90A79FBDE0F6}.Debug|x86.Build.0 = Debug|x86
		{61907755-DDF1-4B39-AE22-90A79FBDE0F6}.Release|Any CPU.ActiveCfg = Release|Any CPU
		{61907755-DDF1-4B39-AE22-90A79FBDE0F6}.Release|Any CPU.Build.0 = Release|Any CPU
		{61907755-DDF1-4B39-AE22-90A79FBDE0F6}.Release|x64.ActiveCfg = Release|Any CPU
		{61907755-DDF1-4B39-AE22-90A79FBDE0F6}.Release|x64.Build.0 = Release|Any CPU
		{61907755-DDF1-4B39-AE22-90A79FBDE0F6}.Release|x86.ActiveCfg = Release|x86
		{61907755-DDF1-4B39-AE22-90A79FBDE0F6}.Release|x86.Build.0 = Release|x86
		{4F50FB2F-AF16-4FB7-AA01-5487DA652F1B}.Debug|Any CPU.ActiveCfg = Debug|Any CPU
		{4F50FB2F-AF16-4FB7-AA01-5487DA652F1B}.Debug|Any CPU.Build.0 = Debug|Any CPU
		{4F50FB2F-AF16-4FB7-AA01-5487DA652F1B}.Debug|x64.ActiveCfg = Debug|Any CPU
		{4F50FB2F-AF16-4FB7-AA01-5487DA652F1B}.Debug|x64.Build.0 = Debug|Any CPU
		{4F50FB2F-AF16-4FB7-AA01-5487DA652F1B}.Debug|x86.ActiveCfg = Debug|x86
		{4F50FB2F-AF16-4FB7-AA01-5487DA652F1B}.Debug|x86.Build.0 = Debug|x86
		{4F50FB2F-AF16-4FB7-AA01-5487DA652F1B}.Release|Any CPU.ActiveCfg = Release|Any CPU
		{4F50FB2F-AF16-4FB7-AA01-5487DA652F1B}.Release|Any CPU.Build.0 = Release|Any CPU
		{4F50FB2F-AF16-4FB7-AA01-5487DA652F1B}.Release|x64.ActiveCfg = Release|Any CPU
		{4F50FB2F-AF16-4FB7-AA01-5487DA652F1B}.Release|x64.Build.0 = Release|Any CPU
		{4F50FB2F-AF16-4FB7-AA01-5487DA652F1B}.Release|x86.ActiveCfg = Release|x86
		{4F50FB2F-AF16-4FB7-AA01-5487DA652F1B}.Release|x86.Build.0 = Release|x86
		{C6A7BC6F-8E72-42ED-8BEC-9E18C7EA7ABC}.Debug|Any CPU.ActiveCfg = Debug|Any CPU
		{C6A7BC6F-8E72-42ED-8BEC-9E18C7EA7ABC}.Debug|Any CPU.Build.0 = Debug|Any CPU
		{C6A7BC6F-8E72-42ED-8BEC-9E18C7EA7ABC}.Debug|x64.ActiveCfg = Debug|x64
		{C6A7BC6F-8E72-42ED-8BEC-9E18C7EA7ABC}.Debug|x64.Build.0 = Debug|x64
		{C6A7BC6F-8E72-42ED-8BEC-9E18C7EA7ABC}.Debug|x86.ActiveCfg = Debug|x86
		{C6A7BC6F-8E72-42ED-8BEC-9E18C7EA7ABC}.Debug|x86.Build.0 = Debug|x86
		{C6A7BC6F-8E72-42ED-8BEC-9E18C7EA7ABC}.Release|Any CPU.ActiveCfg = Release|Any CPU
		{C6A7BC6F-8E72-42ED-8BEC-9E18C7EA7ABC}.Release|Any CPU.Build.0 = Release|Any CPU
		{C6A7BC6F-8E72-42ED-8BEC-9E18C7EA7ABC}.Release|x64.ActiveCfg = Release|x64
		{C6A7BC6F-8E72-42ED-8BEC-9E18C7EA7ABC}.Release|x64.Build.0 = Release|x64
		{C6A7BC6F-8E72-42ED-8BEC-9E18C7EA7ABC}.Release|x86.ActiveCfg = Release|x86
		{C6A7BC6F-8E72-42ED-8BEC-9E18C7EA7ABC}.Release|x86.Build.0 = Release|x86
		{E2550ED8-8FC2-4637-BA88-7F4AD1A16B9C}.Debug|Any CPU.ActiveCfg = Debug|Any CPU
		{E2550ED8-8FC2-4637-BA88-7F4AD1A16B9C}.Debug|Any CPU.Build.0 = Debug|Any CPU
		{E2550ED8-8FC2-4637-BA88-7F4AD1A16B9C}.Debug|x64.ActiveCfg = Debug|Any CPU
		{E2550ED8-8FC2-4637-BA88-7F4AD1A16B9C}.Debug|x64.Build.0 = Debug|Any CPU
		{E2550ED8-8FC2-4637-BA88-7F4AD1A16B9C}.Debug|x86.ActiveCfg = Debug|x86
		{E2550ED8-8FC2-4637-BA88-7F4AD1A16B9C}.Debug|x86.Build.0 = Debug|x86
		{E2550ED8-8FC2-4637-BA88-7F4AD1A16B9C}.Release|Any CPU.ActiveCfg = Release|Any CPU
		{E2550ED8-8FC2-4637-BA88-7F4AD1A16B9C}.Release|Any CPU.Build.0 = Release|Any CPU
		{E2550ED8-8FC2-4637-BA88-7F4AD1A16B9C}.Release|x64.ActiveCfg = Release|Any CPU
		{E2550ED8-8FC2-4637-BA88-7F4AD1A16B9C}.Release|x64.Build.0 = Release|Any CPU
		{E2550ED8-8FC2-4637-BA88-7F4AD1A16B9C}.Release|x86.ActiveCfg = Release|x86
		{E2550ED8-8FC2-4637-BA88-7F4AD1A16B9C}.Release|x86.Build.0 = Release|x86
		{C2CDAB86-5B78-4684-A60B-F5DA10B490ED}.Debug|Any CPU.ActiveCfg = Debug|Any CPU
		{C2CDAB86-5B78-4684-A60B-F5DA10B490ED}.Debug|Any CPU.Build.0 = Debug|Any CPU
		{C2CDAB86-5B78-4684-A60B-F5DA10B490ED}.Debug|x64.ActiveCfg = Debug|Any CPU
		{C2CDAB86-5B78-4684-A60B-F5DA10B490ED}.Debug|x64.Build.0 = Debug|Any CPU
		{C2CDAB86-5B78-4684-A60B-F5DA10B490ED}.Debug|x86.ActiveCfg = Debug|Any CPU
		{C2CDAB86-5B78-4684-A60B-F5DA10B490ED}.Debug|x86.Build.0 = Debug|Any CPU
		{C2CDAB86-5B78-4684-A60B-F5DA10B490ED}.Release|Any CPU.ActiveCfg = Release|Any CPU
		{C2CDAB86-5B78-4684-A60B-F5DA10B490ED}.Release|Any CPU.Build.0 = Release|Any CPU
		{C2CDAB86-5B78-4684-A60B-F5DA10B490ED}.Release|x64.ActiveCfg = Release|Any CPU
		{C2CDAB86-5B78-4684-A60B-F5DA10B490ED}.Release|x64.Build.0 = Release|Any CPU
		{C2CDAB86-5B78-4684-A60B-F5DA10B490ED}.Release|x86.ActiveCfg = Release|Any CPU
		{C2CDAB86-5B78-4684-A60B-F5DA10B490ED}.Release|x86.Build.0 = Release|Any CPU
		{36C08EE3-7082-466D-B463-7873BE13DEFC}.Debug|Any CPU.ActiveCfg = Debug|Any CPU
		{36C08EE3-7082-466D-B463-7873BE13DEFC}.Debug|Any CPU.Build.0 = Debug|Any CPU
		{36C08EE3-7082-466D-B463-7873BE13DEFC}.Debug|x64.ActiveCfg = Debug|Any CPU
		{36C08EE3-7082-466D-B463-7873BE13DEFC}.Debug|x64.Build.0 = Debug|Any CPU
		{36C08EE3-7082-466D-B463-7873BE13DEFC}.Debug|x86.ActiveCfg = Debug|x86
		{36C08EE3-7082-466D-B463-7873BE13DEFC}.Debug|x86.Build.0 = Debug|x86
		{36C08EE3-7082-466D-B463-7873BE13DEFC}.Release|Any CPU.ActiveCfg = Release|Any CPU
		{36C08EE3-7082-466D-B463-7873BE13DEFC}.Release|Any CPU.Build.0 = Release|Any CPU
		{36C08EE3-7082-466D-B463-7873BE13DEFC}.Release|x64.ActiveCfg = Release|Any CPU
		{36C08EE3-7082-466D-B463-7873BE13DEFC}.Release|x64.Build.0 = Release|Any CPU
		{36C08EE3-7082-466D-B463-7873BE13DEFC}.Release|x86.ActiveCfg = Release|x86
		{36C08EE3-7082-466D-B463-7873BE13DEFC}.Release|x86.Build.0 = Release|x86
		{333E01BF-7FE2-49D2-B5BB-784C90329652}.Debug|Any CPU.ActiveCfg = Debug|Any CPU
		{333E01BF-7FE2-49D2-B5BB-784C90329652}.Debug|Any CPU.Build.0 = Debug|Any CPU
		{333E01BF-7FE2-49D2-B5BB-784C90329652}.Debug|x64.ActiveCfg = Debug|x64
		{333E01BF-7FE2-49D2-B5BB-784C90329652}.Debug|x64.Build.0 = Debug|x64
		{333E01BF-7FE2-49D2-B5BB-784C90329652}.Debug|x86.ActiveCfg = Debug|x86
		{333E01BF-7FE2-49D2-B5BB-784C90329652}.Debug|x86.Build.0 = Debug|x86
		{333E01BF-7FE2-49D2-B5BB-784C90329652}.Release|Any CPU.ActiveCfg = Release|Any CPU
		{333E01BF-7FE2-49D2-B5BB-784C90329652}.Release|Any CPU.Build.0 = Release|Any CPU
		{333E01BF-7FE2-49D2-B5BB-784C90329652}.Release|x64.ActiveCfg = Release|x64
		{333E01BF-7FE2-49D2-B5BB-784C90329652}.Release|x64.Build.0 = Release|x64
		{333E01BF-7FE2-49D2-B5BB-784C90329652}.Release|x86.ActiveCfg = Release|x86
		{333E01BF-7FE2-49D2-B5BB-784C90329652}.Release|x86.Build.0 = Release|x86
		{6225C2BF-9DB0-49B8-A185-CF7E1BFD5B47}.Debug|Any CPU.ActiveCfg = Debug|Any CPU
		{6225C2BF-9DB0-49B8-A185-CF7E1BFD5B47}.Debug|Any CPU.Build.0 = Debug|Any CPU
		{6225C2BF-9DB0-49B8-A185-CF7E1BFD5B47}.Debug|x64.ActiveCfg = Debug|Any CPU
		{6225C2BF-9DB0-49B8-A185-CF7E1BFD5B47}.Debug|x64.Build.0 = Debug|Any CPU
		{6225C2BF-9DB0-49B8-A185-CF7E1BFD5B47}.Debug|x86.ActiveCfg = Debug|x86
		{6225C2BF-9DB0-49B8-A185-CF7E1BFD5B47}.Debug|x86.Build.0 = Debug|x86
		{6225C2BF-9DB0-49B8-A185-CF7E1BFD5B47}.Release|Any CPU.ActiveCfg = Release|Any CPU
		{6225C2BF-9DB0-49B8-A185-CF7E1BFD5B47}.Release|Any CPU.Build.0 = Release|Any CPU
		{6225C2BF-9DB0-49B8-A185-CF7E1BFD5B47}.Release|x64.ActiveCfg = Release|Any CPU
		{6225C2BF-9DB0-49B8-A185-CF7E1BFD5B47}.Release|x64.Build.0 = Release|Any CPU
		{6225C2BF-9DB0-49B8-A185-CF7E1BFD5B47}.Release|x86.ActiveCfg = Release|x86
		{6225C2BF-9DB0-49B8-A185-CF7E1BFD5B47}.Release|x86.Build.0 = Release|x86
	EndGlobalSection
	GlobalSection(SolutionProperties) = preSolution
		HideSolutionNode = FALSE
	EndGlobalSection
	GlobalSection(ExtensibilityGlobals) = postSolution
		SolutionGuid = {30A2261B-33D7-48D3-9203-136DA036D2CE}
		VisualSVNWorkingCopyRoot = .
	EndGlobalSection
EndGlobal
